
Microsoft Visual Studio Solution File, Format Version 12.00
# Visual Studio 15
VisualStudioVersion = 15.0.28307.539
MinimumVisualStudioVersion = 10.0.40219.1
Project("{FAE04EC0-301F-11D3-BF4B-00C04F79EFBC}") = "ProjeDeneme", "ProjeDeneme\ProjeDeneme.csproj", "{35818B08-9F59-495E-BD33-6F34AE86F51B}"
EndProject
Global
	GlobalSection(SolutionConfigurationPlatforms) = preSolution
		Debug|Any CPU = Debug|Any CPU
		Release|Any CPU = Release|Any CPU
	EndGlobalSection
	GlobalSection(ProjectConfigurationPlatforms) = postSolution
		{35818B08-9F59-495E-BD33-6F34AE86F51B}.Debug|Any CPU.ActiveCfg = Debug|Any CPU
		{35818B08-9F59-495E-BD33-6F34AE86F51B}.Debug|Any CPU.Build.0 = Debug|Any CPU
		{35818B08-9F59-495E-BD33-6F34AE86F51B}.Release|Any CPU.ActiveCfg = Release|Any CPU
		{35818B08-9F59-495E-BD33-6F34AE86F51B}.Release|Any CPU.Build.0 = Release|Any CPU
	EndGlobalSection
	GlobalSection(SolutionProperties) = preSolution
		HideSolutionNode = FALSE
	EndGlobalSection
	GlobalSection(ExtensibilityGlobals) = postSolution
		SolutionGuid = {540DEE9A-2460-4431-946E-95DB0EB08FD8}
	EndGlobalSection
EndGlobal
